
Microsoft Visual Studio Solution File, Format Version 12.00
# Visual Studio 15
VisualStudioVersion = 15.0.28307.1401
MinimumVisualStudioVersion = 10.0.40219.1
Project("{FAE04EC0-301F-11D3-BF4B-00C04F79EFBC}") = "ImplementMoney", "ImplementMoney\ImplementMoney.csproj", "{2CDAE842-855D-4BB6-85E4-8D76A9B5BABF}"
EndProject
Project("{FAE04EC0-301F-11D3-BF4B-00C04F79EFBC}") = "ImplementMoney.Tests", "ImplementMoney.Tests\ImplementMoney.Tests.csproj", "{18EB1339-ACC5-4FD3-A3E9-C68B553330CA}"
EndProject
Global
	GlobalSection(SolutionConfigurationPlatforms) = preSolution
		Debug|Any CPU = Debug|Any CPU
		Release|Any CPU = Release|Any CPU
	EndGlobalSection
	GlobalSection(ProjectConfigurationPlatforms) = postSolution
		{2CDAE842-855D-4BB6-85E4-8D76A9B5BABF}.Debug|Any CPU.ActiveCfg = Debug|Any CPU
		{2CDAE842-855D-4BB6-85E4-8D76A9B5BABF}.Debug|Any CPU.Build.0 = Debug|Any CPU
		{2CDAE842-855D-4BB6-85E4-8D76A9B5BABF}.Release|Any CPU.ActiveCfg = Release|Any CPU
		{2CDAE842-855D-4BB6-85E4-8D76A9B5BABF}.Release|Any CPU.Build.0 = Release|Any CPU
		{18EB1339-ACC5-4FD3-A3E9-C68B553330CA}.Debug|Any CPU.ActiveCfg = Debug|Any CPU
		{18EB1339-ACC5-4FD3-A3E9-C68B553330CA}.Debug|Any CPU.Build.0 = Debug|Any CPU
		{18EB1339-ACC5-4FD3-A3E9-C68B553330CA}.Release|Any CPU.ActiveCfg = Release|Any CPU
		{18EB1339-ACC5-4FD3-A3E9-C68B553330CA}.Release|Any CPU.Build.0 = Release|Any CPU
	EndGlobalSection
	GlobalSection(SolutionProperties) = preSolution
		HideSolutionNode = FALSE
	EndGlobalSection
	GlobalSection(ExtensibilityGlobals) = postSolution
		SolutionGuid = {A0AA1107-9C01-47F0-B355-498ECF77DC04}
	EndGlobalSection
EndGlobal
